
Microsoft Visual Studio Solution File, Format Version 10.00
# Visual Studio 2008
Project("{FAE04EC0-301F-11D3-BF4B-00C04F79EFBC}") = "XMLSerial", "XMLSerial\XMLSerial.csproj", "{397E6E00-4A91-4D94-9D87-008816E6FFE7}"
EndProject
Global
	GlobalSection(SolutionConfigurationPlatforms) = preSolution
		Debug|Any CPU = Debug|Any CPU
		Release|Any CPU = Release|Any CPU
	EndGlobalSection
	GlobalSection(ProjectConfigurationPlatforms) = postSolution
		{397E6E00-4A91-4D94-9D87-008816E6FFE7}.Debug|Any CPU.ActiveCfg = Debug|Any CPU
		{397E6E00-4A91-4D94-9D87-008816E6FFE7}.Debug|Any CPU.Build.0 = Debug|Any CPU
		{397E6E00-4A91-4D94-9D87-008816E6FFE7}.Release|Any CPU.ActiveCfg = Release|Any CPU
		{397E6E00-4A91-4D94-9D87-008816E6FFE7}.Release|Any CPU.Build.0 = Release|Any CPU
	EndGlobalSection
	GlobalSection(SolutionProperties) = preSolution
		HideSolutionNode = FALSE
	EndGlobalSection
EndGlobal
